
Microsoft Visual Studio Solution File, Format Version 12.00
# Visual Studio Version 17
VisualStudioVersion = 17.2.32630.192
MinimumVisualStudioVersion = 10.0.40219.1
Project("{FAE04EC0-301F-11D3-BF4B-00C04F79EFBC}") = "05TextEditor", "05TextEditor\05TextEditor.csproj", "{6EE5E41B-87B4-40FF-ABC0-EC7E2DBB6B7A}"
EndProject
Global
	GlobalSection(SolutionConfigurationPlatforms) = preSolution
		Debug|Any CPU = Debug|Any CPU
		Release|Any CPU = Release|Any CPU
	EndGlobalSection
	GlobalSection(ProjectConfigurationPlatforms) = postSolution
		{6EE5E41B-87B4-40FF-ABC0-EC7E2DBB6B7A}.Debug|Any CPU.ActiveCfg = Debug|Any CPU
		{6EE5E41B-87B4-40FF-ABC0-EC7E2DBB6B7A}.Debug|Any CPU.Build.0 = Debug|Any CPU
		{6EE5E41B-87B4-40FF-ABC0-EC7E2DBB6B7A}.Release|Any CPU.ActiveCfg = Release|Any CPU
		{6EE5E41B-87B4-40FF-ABC0-EC7E2DBB6B7A}.Release|Any CPU.Build.0 = Release|Any CPU
	EndGlobalSection
	GlobalSection(SolutionProperties) = preSolution
		HideSolutionNode = FALSE
	EndGlobalSection
	GlobalSection(ExtensibilityGlobals) = postSolution
		SolutionGuid = {1D2BBF82-801A-4D2F-BF44-948981A7931E}
	EndGlobalSection
EndGlobal
